// !$*UTF8*$!
{
	archiveVersion = 1;
	classes = {
	};
	objectVersion = 50;
	objects = {

/* Begin PBXBuildFile section */
		CB1DC16D2093AE390085E92C /* LeagueViewController.swift in Sources */ = {isa = PBXBuildFile; fileRef = CB1DC16C2093AE390085E92C /* LeagueViewController.swift */; };
		CB1DC16F2093AE460085E92C /* SkillViewController.swift in Sources */ = {isa = PBXBuildFile; fileRef = CB1DC16E2093AE460085E92C /* SkillViewController.swift */; };
		CB476FA6209261CC004C58C5 /* AppDelegate.swift in Sources */ = {isa = PBXBuildFile; fileRef = CB476FA5209261CC004C58C5 /* AppDelegate.swift */; };
		CB476FA8209261CC004C58C5 /* WelcomeViewControler.swift in Sources */ = {isa = PBXBuildFile; fileRef = CB476FA7209261CC004C58C5 /* WelcomeViewControler.swift */; };
		CB476FAB209261CC004C58C5 /* Main.storyboard in Resources */ = {isa = PBXBuildFile; fileRef = CB476FA9209261CC004C58C5 /* Main.storyboard */; };
		CB476FAD209261CD004C58C5 /* Assets.xcassets in Resources */ = {isa = PBXBuildFile; fileRef = CB476FAC209261CD004C58C5 /* Assets.xcassets */; };
		CB476FB0209261CD004C58C5 /* LaunchScreen.storyboard in Resources */ = {isa = PBXBuildFile; fileRef = CB476FAE209261CD004C58C5 /* LaunchScreen.storyboard */; };
		CB476FB920926444004C58C5 /* BorderButton.swift in Sources */ = {isa = PBXBuildFile; fileRef = CB476FB820926444004C58C5 /* BorderButton.swift */; };
		CB8603A12093F27A00412521 /* Player.swift in Sources */ = {isa = PBXBuildFile; fileRef = CB8603A02093F27A00412521 /* Player.swift */; };
/* End PBXBuildFile section */

/* Begin PBXFileReference section */
		CB1DC16C2093AE390085E92C /* LeagueViewController.swift */ = {isa = PBXFileReference; lastKnownFileType = sourcecode.swift; path = LeagueViewController.swift; sourceTree = "<group>"; };
		CB1DC16E2093AE460085E92C /* SkillViewController.swift */ = {isa = PBXFileReference; lastKnownFileType = sourcecode.swift; path = SkillViewController.swift; sourceTree = "<group>"; };
		CB476FA2209261CC004C58C5 /* app-swoosh.app */ = {isa = PBXFileReference; explicitFileType = wrapper.application; includeInIndex = 0; path = "app-swoosh.app"; sourceTree = BUILT_PRODUCTS_DIR; };
		CB476FA5209261CC004C58C5 /* AppDelegate.swift */ = {isa = PBXFileReference; lastKnownFileType = sourcecode.swift; path = AppDelegate.swift; sourceTree = "<group>"; };
		CB476FA7209261CC004C58C5 /* WelcomeViewControler.swift */ = {isa = PBXFileReference; lastKnownFileType = sourcecode.swift; path = WelcomeViewControler.swift; sourceTree = "<group>"; };
		CB476FAA209261CC004C58C5 /* Base */ = {isa = PBXFileReference; lastKnownFileType = file.storyboard; name = Base; path = Base.lproj/Main.storyboard; sourceTree = "<group>"; };
		CB476FAC209261CD004C58C5 /* Assets.xcassets */ = {isa = PBXFileReference; lastKnownFileType = folder.assetcatalog; path = Assets.xcassets; sourceTree = "<group>"; };
		CB476FAF209261CD004C58C5 /* Base */ = {isa = PBXFileReference; lastKnownFileType = file.storyboard; name = Base; path = Base.lproj/LaunchScreen.storyboard; sourceTree = "<group>"; };
		CB476FB1209261CD004C58C5 /* Info.plist */ = {isa = PBXFileReference; lastKnownFileType = text.plist.xml; path = Info.plist; sourceTree = "<group>"; };
		CB476FB820926444004C58C5 /* BorderButton.swift */ = {isa = PBXFileReference; lastKnownFileType = sourcecode.swift; path = BorderButton.swift; sourceTree = "<group>"; };
		CB8603A02093F27A00412521 /* Player.swift */ = {isa = PBXFileReference; lastKnownFileType = sourcecode.swift; path = Player.swift; sourceTree = "<group>"; };
/* End PBXFileReference section */

/* Begin PBXFrameworksBuildPhase section */
		CB476F9F209261CB004C58C5 /* Frameworks */ = {
			isa = PBXFrameworksBuildPhase;
			buildActionMask = 2147483647;
			files = (
			);
			runOnlyForDeploymentPostprocessing = 0;
		};
/* End PBXFrameworksBuildPhase section */

/* Begin PBXGroup section */
		CB1DC16A2093AD2D0085E92C /* Controller */ = {
			isa = PBXGroup;
			children = (
				CB476FA7209261CC004C58C5 /* WelcomeViewControler.swift */,
				CB1DC16C2093AE390085E92C /* LeagueViewController.swift */,
				CB1DC16E2093AE460085E92C /* SkillViewController.swift */,
			);
			path = Controller;
			sourceTree = "<group>";
		};
		CB1DC16B2093AD370085E92C /* Model */ = {
			isa = PBXGroup;
			children = (
				CB8603A02093F27A00412521 /* Player.swift */,
			);
			path = Model;
			sourceTree = "<group>";
		};
		CB476F99209261CB004C58C5 = {
			isa = PBXGroup;
			children = (
				CB476FA4209261CC004C58C5 /* app-swoosh */,
				CB476FA3209261CC004C58C5 /* Products */,
			);
			sourceTree = "<group>";
		};
		CB476FA3209261CC004C58C5 /* Products */ = {
			isa = PBXGroup;
			children = (
				CB476FA2209261CC004C58C5 /* app-swoosh.app */,
			);
			name = Products;
			sourceTree = "<group>";
		};
		CB476FA4209261CC004C58C5 /* app-swoosh */ = {
			isa = PBXGroup;
			children = (
				CB1DC16B2093AD370085E92C /* Model */,
				CB1DC16A2093AD2D0085E92C /* Controller */,
				CB476FB720926429004C58C5 /* View */,
				CB476FA5209261CC004C58C5 /* AppDelegate.swift */,
				CB476FA9209261CC004C58C5 /* Main.storyboard */,
				CB476FAC209261CD004C58C5 /* Assets.xcassets */,
				CB476FAE209261CD004C58C5 /* LaunchScreen.storyboard */,
				CB476FB1209261CD004C58C5 /* Info.plist */,
			);
			path = "app-swoosh";
			sourceTree = "<group>";
		};
		CB476FB720926429004C58C5 /* View */ = {
			isa = PBXGroup;
			children = (
				CB476FB820926444004C58C5 /* BorderButton.swift */,
			);
			path = View;
			sourceTree = "<group>";
		};
/* End PBXGroup section */

/* Begin PBXNativeTarget section */
		CB476FA1209261CB004C58C5 /* app-swoosh */ = {
			isa = PBXNativeTarget;
			buildConfigurationList = CB476FB4209261CD004C58C5 /* Build configuration list for PBXNativeTarget "app-swoosh" */;
			buildPhases = (
				CB476F9E209261CB004C58C5 /* Sources */,
				CB476F9F209261CB004C58C5 /* Frameworks */,
				CB476FA0209261CB004C58C5 /* Resources */,
			);
			buildRules = (
			);
			dependencies = (
			);
			name = "app-swoosh";
			productName = "app-swoosh";
			productReference = CB476FA2209261CC004C58C5 /* app-swoosh.app */;
			productType = "com.apple.product-type.application";
		};
/* End PBXNativeTarget section */

/* Begin PBXProject section */
		CB476F9A209261CB004C58C5 /* Project object */ = {
			isa = PBXProject;
			attributes = {
				LastSwiftUpdateCheck = 0940;
				LastUpgradeCheck = 0940;
				ORGANIZATIONNAME = "Tim Hoffman";
				TargetAttributes = {
					CB476FA1209261CB004C58C5 = {
						CreatedOnToolsVersion = 9.4;
					};
				};
			};
			buildConfigurationList = CB476F9D209261CB004C58C5 /* Build configuration list for PBXProject "app-swoosh" */;
			compatibilityVersion = "Xcode 9.3";
			developmentRegion = en;
			hasScannedForEncodings = 0;
			knownRegions = (
				en,
				Base,
			);
			mainGroup = CB476F99209261CB004C58C5;
			productRefGroup = CB476FA3209261CC004C58C5 /* Products */;
			projectDirPath = "";
			projectRoot = "";
			targets = (
				CB476FA1209261CB004C58C5 /* app-swoosh */,
			);
		};
/* End PBXProject section */

/* Begin PBXResourcesBuildPhase section */
		CB476FA0209261CB004C58C5 /* Resources */ = {
			isa = PBXResourcesBuildPhase;
			buildActionMask = 2147483647;
			files = (
				CB476FB0209261CD004C58C5 /* LaunchScreen.storyboard in Resources */,
				CB476FAD209261CD004C58C5 /* Assets.xcassets in Resources */,
				CB476FAB209261CC004C58C5 /* Main.storyboard in Resources */,
			);
			runOnlyForDeploymentPostprocessing = 0;
		};
/* End PBXResourcesBuildPhase section */

/* Begin PBXSourcesBuildPhase section */
		CB476F9E209261CB004C58C5 /* Sources */ = {
			isa = PBXSourcesBuildPhase;
			buildActionMask = 2147483647;
			files = (
				CB476FA8209261CC004C58C5 /* WelcomeViewControler.swift in Sources */,
				CB476FA6209261CC004C58C5 /* AppDelegate.swift in Sources */,
				CB1DC16F2093AE460085E92C /* SkillViewController.swift in Sources */,
				CB476FB920926444004C58C5 /* BorderButton.swift in Sources */,
				CB8603A12093F27A00412521 /* Player.swift in Sources */,
				CB1DC16D2093AE390085E92C /* LeagueViewController.swift in Sources */,
			);
			runOnlyForDeploymentPostprocessing = 0;
		};
/* End PBXSourcesBuildPhase section */

/* Begin PBXVariantGroup section */
		CB476FA9209261CC004C58C5 /* Main.storyboard */ = {
			isa = PBXVariantGroup;
			children = (
				CB476FAA209261CC004C58C5 /* Base */,
			);
			name = Main.storyboard;
			sourceTree = "<group>";
		};
		CB476FAE209261CD004C58C5 /* LaunchScreen.storyboard */ = {
			isa = PBXVariantGroup;
			children = (
				CB476FAF209261CD004C58C5 /* Base */,
			);
			name = LaunchScreen.storyboard;
			sourceTree = "<group>";
		};
/* End PBXVariantGroup section */

/* Begin XCBuildConfiguration section */
		CB476FB2209261CD004C58C5 /* Debug */ = {
			isa = XCBuildConfiguration;
			buildSettings = {
				ALWAYS_SEARCH_USER_PATHS = NO;
				CLANG_ANALYZER_NONNULL = YES;
				CLANG_ANALYZER_NUMBER_OBJECT_CONVERSION = YES_AGGRESSIVE;
				CLANG_CXX_LANGUAGE_STANDARD = "gnu++14";
				CLANG_CXX_LIBRARY = "libc++";
				CLANG_ENABLE_MODULES = YES;
				CLANG_ENABLE_OBJC_ARC = YES;
				CLANG_ENABLE_OBJC_WEAK = YES;
				CLANG_WARN_BLOCK_CAPTURE_AUTORELEASING = YES;
				CLANG_WARN_BOOL_CONVERSION = YES;
				CLANG_WARN_COMMA = YES;
				CLANG_WARN_CONSTANT_CONVERSION = YES;
				CLANG_WARN_DEPRECATED_OBJC_IMPLEMENTATIONS = YES;
				CLANG_WARN_DIRECT_OBJC_ISA_USAGE = YES_ERROR;
				CLANG_WARN_DOCUMENTATION_COMMENTS = YES;
				CLANG_WARN_EMPTY_BODY = YES;
				CLANG_WARN_ENUM_CONVERSION = YES;
				CLANG_WARN_INFINITE_RECURSION = YES;
				CLANG_WARN_INT_CONVERSION = YES;
				CLANG_WARN_NON_LITERAL_NULL_CONVERSION = YES;
				CLANG_WARN_OBJC_IMPLICIT_RETAIN_SELF = YES;
				CLANG_WARN_OBJC_LITERAL_CONVERSION = YES;
				CLANG_WARN_OBJC_ROOT_CLASS = YES_ERROR;
				CLANG_WARN_RANGE_LOOP_ANALYSIS = YES;
				CLANG_WARN_STRICT_PROTOTYPES = YES;
				CLANG_WARN_SUSPICIOUS_MOVE = YES;
				CLANG_WARN_UNGUARDED_AVAILABILITY = YES_AGGRESSIVE;
				CLANG_WARN_UNREACHABLE_CODE = YES;
				CLANG_WARN__DUPLICATE_METHOD_MATCH = YES;
				CODE_SIGN_IDENTITY = "iPhone Developer";
				COPY_PHASE_STRIP = NO;
				DEBUG_INFORMATION_FORMAT = dwarf;
				ENABLE_STRICT_OBJC_MSGSEND = YES;
				ENABLE_TESTABILITY = YES;
				GCC_C_LANGUAGE_STANDARD = gnu11;
				GCC_DYNAMIC_NO_PIC = NO;
				GCC_NO_COMMON_BLOCKS = YES;
				GCC_OPTIMIZATION_LEVEL = 0;
				GCC_PREPROCESSOR_DEFINITIONS = (
					"DEBUG=1",
					"$(inherited)",
				);
				GCC_WARN_64_TO_32_BIT_CONVERSION = YES;
				GCC_WARN_ABOUT_RETURN_TYPE = YES_ERROR;
				GCC_WARN_UNDECLARED_SELECTOR = YES;
				GCC_WARN_UNINITIALIZED_AUTOS = YES_AGGRESSIVE;
				GCC_WARN_UNUSED_FUNCTION = YES;
				GCC_WARN_UNUSED_VARIABLE = YES;
				IPHONEOS_DEPLOYMENT_TARGET = 11.4;
				MTL_ENABLE_DEBUG_INFO = YES;
				ONLY_ACTIVE_ARCH = YES;
				SDKROOT = iphoneos;
				SWIFT_ACTIVE_COMPILATION_CONDITIONS = DEBUG;
				SWIFT_OPTIMIZATION_LEVEL = "-Onone";
			};
			name = Debug;
		};
		CB476FB3209261CD004C58C5 /* Release */ = {
			isa = XCBuildConfiguration;
			buildSettings = {
				ALWAYS_SEARCH_USER_PATHS = NO;
				CLANG_ANALYZER_NONNULL = YES;
				CLANG_ANALYZER_NUMBER_OBJECT_CONVERSION = YES_AGGRESSIVE;
				CLANG_CXX_LANGUAGE_STANDARD = "gnu++14";
				CLANG_CXX_LIBRARY = "libc++";
				CLANG_ENABLE_MODULES = YES;
				CLANG_ENABLE_OBJC_ARC = YES;
				CLANG_ENABLE_OBJC_WEAK = YES;
				CLANG_WARN_BLOCK_CAPTURE_AUTORELEASING = YES;
				CLANG_WARN_BOOL_CONVERSION = YES;
				CLANG_WARN_COMMA = YES;
				CLANG_WARN_CONSTANT_CONVERSION = YES;
				CLANG_WARN_DEPRECATED_OBJC_IMPLEMENTATIONS = YES;
				CLANG_WARN_DIRECT_OBJC_ISA_USAGE = YES_ERROR;
				CLANG_WARN_DOCUMENTATION_COMMENTS = YES;
				CLANG_WARN_EMPTY_BODY = YES;
				CLANG_WARN_ENUM_CONVERSION = YES;
				CLANG_WARN_INFINITE_RECURSION = YES;
				CLANG_WARN_INT_CONVERSION = YES;
				CLANG_WARN_NON_LITERAL_NULL_CONVERSION = YES;
				CLANG_WARN_OBJC_IMPLICIT_RETAIN_SELF = YES;
				CLANG_WARN_OBJC_LITERAL_CONVERSION = YES;
				CLANG_WARN_OBJC_ROOT_CLASS = YES_ERROR;
				CLANG_WARN_RANGE_LOOP_ANALYSIS = YES;
				CLANG_WARN_STRICT_PROTOTYPES = YES;
				CLANG_WARN_SUSPICIOUS_MOVE = YES;
				CLANG_WARN_UNGUARDED_AVAILABILITY = YES_AGGRESSIVE;
				CLANG_WARN_UNREACHABLE_CODE = YES;
				CLANG_WARN__DUPLICATE_METHOD_MATCH = YES;
				CODE_SIGN_IDENTITY = "iPhone Developer";
				COPY_PHASE_STRIP = NO;
				DEBUG_INFORMATION_FORMAT = "dwarf-with-dsym";
				ENABLE_NS_ASSERTIONS = NO;
				ENABLE_STRICT_OBJC_MSGSEND = YES;
				GCC_C_LANGUAGE_STANDARD = gnu11;
				GCC_NO_COMMON_BLOCKS = YES;
				GCC_WARN_64_TO_32_BIT_CONVERSION = YES;
				GCC_WARN_ABOUT_RETURN_TYPE = YES_ERROR;
				GCC_WARN_UNDECLARED_SELECTOR = YES;
				GCC_WARN_UNINITIALIZED_AUTOS = YES_AGGRESSIVE;
				GCC_WARN_UNUSED_FUNCTION = YES;
				GCC_WARN_UNUSED_VARIABLE = YES;
				IPHONEOS_DEPLOYMENT_TARGET = 11.4;
				MTL_ENABLE_DEBUG_INFO = NO;
				SDKROOT = iphoneos;
				SWIFT_COMPILATION_MODE = wholemodule;
				SWIFT_OPTIMIZATION_LEVEL = "-O";
				VALIDATE_PRODUCT = YES;
			};
			name = Release;
		};
		CB476FB5209261CD004C58C5 /* Debug */ = {
			isa = XCBuildConfiguration;
			buildSettings = {
				ASSETCATALOG_COMPILER_APPICON_NAME = AppIcon;
				CODE_SIGN_STYLE = Automatic;
				DEVELOPMENT_TEAM = 5MP6WDJ83W;
				INFOPLIST_FILE = "app-swoosh/Info.plist";
				LD_RUNPATH_SEARCH_PATHS = (
					"$(inherited)",
					"@executable_path/Frameworks",
				);
				PRODUCT_BUNDLE_IDENTIFIER = "com.BetterPops.app-swoosh";
				PRODUCT_NAME = "$(TARGET_NAME)";
				SWIFT_VERSION = 4.0;
				TARGETED_DEVICE_FAMILY = "1,2";
			};
			name = Debug;
		};
		CB476FB6209261CD004C58C5 /* Release */ = {
			isa = XCBuildConfiguration;
			buildSettings = {
				ASSETCATALOG_COMPILER_APPICON_NAME = AppIcon;
				CODE_SIGN_STYLE = Automatic;
				DEVELOPMENT_TEAM = 5MP6WDJ83W;
				INFOPLIST_FILE = "app-swoosh/Info.plist";
				LD_RUNPATH_SEARCH_PATHS = (
					"$(inherited)",
					"@executable_path/Frameworks",
				);
				PRODUCT_BUNDLE_IDENTIFIER = "com.BetterPops.app-swoosh";
				PRODUCT_NAME = "$(TARGET_NAME)";
				SWIFT_VERSION = 4.0;
				TARGETED_DEVICE_FAMILY = "1,2";
			};
			name = Release;
		};
/* End XCBuildConfiguration section */

/* Begin XCConfigurationList section */
		CB476F9D209261CB004C58C5 /* Build configuration list for PBXProject "app-swoosh" */ = {
			isa = XCConfigurationList;
			buildConfigurations = (
				CB476FB2209261CD004C58C5 /* Debug */,
				CB476FB3209261CD004C58C5 /* Release */,
			);
			defaultConfigurationIsVisible = 0;
			defaultConfigurationName = Release;
		};
		CB476FB4209261CD004C58C5 /* Build configuration list for PBXNativeTarget "app-swoosh" */ = {
			isa = XCConfigurationList;
			buildConfigurations = (
				CB476FB5209261CD004C58C5 /* Debug */,
				CB476FB6209261CD004C58C5 /* Release */,
			);
			defaultConfigurationIsVisible = 0;
			defaultConfigurationName = Release;
		};
/* End XCConfigurationList section */
	};
	rootObject = CB476F9A209261CB004C58C5 /* Project object */;
}
